
Microsoft Visual Studio Solution File, Format Version 12.00
# Visual Studio 14
VisualStudioVersion = 14.0.25420.1
MinimumVisualStudioVersion = 10.0.40219.1
Project("{FAE04EC0-301F-11D3-BF4B-00C04F79EFBC}") = "SunScopeRFQ", "SunScopeRFQ\SunScopeRFQ.csproj", "{9D39C7B5-FC75-47A9-9F5D-CC6C75B9FEFF}"
EndProject
Project("{FAE04EC0-301F-11D3-BF4B-00C04F79EFBC}") = "SunScopeDAL", "SunScopeDAL\SunScopeDAL.csproj", "{20257045-F803-460C-9ED7-DC4D11F74359}"
EndProject
Project("{FAE04EC0-301F-11D3-BF4B-00C04F79EFBC}") = "SunScopeBOL", "SunScopeBOL\SunScopeBOL.csproj", "{C1626FFC-9F0E-435D-91BC-B64E90A832EB}"
EndProject
Project("{FAE04EC0-301F-11D3-BF4B-00C04F79EFBC}") = "SunScopeBLL", "SunScopeBLL\SunScopeBLL.csproj", "{7A4A8976-E954-4E6F-A14B-AB92AACC68FE}"
EndProject
Project("{FAE04EC0-301F-11D3-BF4B-00C04F79EFBC}") = "SunScopeCommon", "SunScopeCommon\SunScopeCommon.csproj", "{116685D6-544E-42EA-8CCA-4BC884A2B2BE}"
EndProject
Global
	GlobalSection(SolutionConfigurationPlatforms) = preSolution
		Debug|Any CPU = Debug|Any CPU
		Release|Any CPU = Release|Any CPU
	EndGlobalSection
	GlobalSection(ProjectConfigurationPlatforms) = postSolution
		{9D39C7B5-FC75-47A9-9F5D-CC6C75B9FEFF}.Debug|Any CPU.ActiveCfg = Debug|Any CPU
		{9D39C7B5-FC75-47A9-9F5D-CC6C75B9FEFF}.Debug|Any CPU.Build.0 = Debug|Any CPU
		{9D39C7B5-FC75-47A9-9F5D-CC6C75B9FEFF}.Release|Any CPU.ActiveCfg = Release|Any CPU
		{9D39C7B5-FC75-47A9-9F5D-CC6C75B9FEFF}.Release|Any CPU.Build.0 = Release|Any CPU
		{20257045-F803-460C-9ED7-DC4D11F74359}.Debug|Any CPU.ActiveCfg = Debug|Any CPU
		{20257045-F803-460C-9ED7-DC4D11F74359}.Debug|Any CPU.Build.0 = Debug|Any CPU
		{20257045-F803-460C-9ED7-DC4D11F74359}.Release|Any CPU.ActiveCfg = Release|Any CPU
		{20257045-F803-460C-9ED7-DC4D11F74359}.Release|Any CPU.Build.0 = Release|Any CPU
		{C1626FFC-9F0E-435D-91BC-B64E90A832EB}.Debug|Any CPU.ActiveCfg = Debug|Any CPU
		{C1626FFC-9F0E-435D-91BC-B64E90A832EB}.Debug|Any CPU.Build.0 = Debug|Any CPU
		{C1626FFC-9F0E-435D-91BC-B64E90A832EB}.Release|Any CPU.ActiveCfg = Release|Any CPU
		{C1626FFC-9F0E-435D-91BC-B64E90A832EB}.Release|Any CPU.Build.0 = Release|Any CPU
		{7A4A8976-E954-4E6F-A14B-AB92AACC68FE}.Debug|Any CPU.ActiveCfg = Debug|Any CPU
		{7A4A8976-E954-4E6F-A14B-AB92AACC68FE}.Debug|Any CPU.Build.0 = Debug|Any CPU
		{7A4A8976-E954-4E6F-A14B-AB92AACC68FE}.Release|Any CPU.ActiveCfg = Release|Any CPU
		{7A4A8976-E954-4E6F-A14B-AB92AACC68FE}.Release|Any CPU.Build.0 = Release|Any CPU
		{116685D6-544E-42EA-8CCA-4BC884A2B2BE}.Debug|Any CPU.ActiveCfg = Debug|Any CPU
		{116685D6-544E-42EA-8CCA-4BC884A2B2BE}.Debug|Any CPU.Build.0 = Debug|Any CPU
		{116685D6-544E-42EA-8CCA-4BC884A2B2BE}.Release|Any CPU.ActiveCfg = Release|Any CPU
		{116685D6-544E-42EA-8CCA-4BC884A2B2BE}.Release|Any CPU.Build.0 = Release|Any CPU
	EndGlobalSection
	GlobalSection(SolutionProperties) = preSolution
		HideSolutionNode = FALSE
	EndGlobalSection
EndGlobal
